
Microsoft Visual Studio Solution File, Format Version 12.00
# Visual Studio Version 17
VisualStudioVersion = 17.11.35327.3
MinimumVisualStudioVersion = 10.0.40219.1
Project("{9A19103F-16F7-4668-BE54-9A1E7A4F7556}") = "GradeBook", "GradeBook\GradeBook.csproj", "{E5595CD3-47ED-42B1-B6DF-79DCAE821BB0}"
EndProject
Project("{9A19103F-16F7-4668-BE54-9A1E7A4F7556}") = "guessingGame", "..\guessingGame\guessingGame\guessingGame.csproj", "{8445C4C2-2037-4066-B3A0-4056C37757FC}"
EndProject
Global
	GlobalSection(SolutionConfigurationPlatforms) = preSolution
		Debug|Any CPU = Debug|Any CPU
		Release|Any CPU = Release|Any CPU
	EndGlobalSection
	GlobalSection(ProjectConfigurationPlatforms) = postSolution
		{E5595CD3-47ED-42B1-B6DF-79DCAE821BB0}.Debug|Any CPU.ActiveCfg = Debug|Any CPU
		{E5595CD3-47ED-42B1-B6DF-79DCAE821BB0}.Debug|Any CPU.Build.0 = Debug|Any CPU
		{E5595CD3-47ED-42B1-B6DF-79DCAE821BB0}.Release|Any CPU.ActiveCfg = Release|Any CPU
		{E5595CD3-47ED-42B1-B6DF-79DCAE821BB0}.Release|Any CPU.Build.0 = Release|Any CPU
		{8445C4C2-2037-4066-B3A0-4056C37757FC}.Debug|Any CPU.ActiveCfg = Debug|Any CPU
		{8445C4C2-2037-4066-B3A0-4056C37757FC}.Debug|Any CPU.Build.0 = Debug|Any CPU
		{8445C4C2-2037-4066-B3A0-4056C37757FC}.Release|Any CPU.ActiveCfg = Release|Any CPU
		{8445C4C2-2037-4066-B3A0-4056C37757FC}.Release|Any CPU.Build.0 = Release|Any CPU
	EndGlobalSection
	GlobalSection(SolutionProperties) = preSolution
		HideSolutionNode = FALSE
	EndGlobalSection
	GlobalSection(ExtensibilityGlobals) = postSolution
		SolutionGuid = {8B0024F5-715D-4FCF-AA74-56C9A88967EE}
	EndGlobalSection
EndGlobal
